// !$*UTF8*$!
{
	archiveVersion = 1;
	classes = {
	};
	objectVersion = 46;
	objects = {

/* Begin PBXBuildFile section */
		A1E496D51C0F5FD200543FCF /* main.m in Sources */ = {isa = PBXBuildFile; fileRef = A1E496D41C0F5FD200543FCF /* main.m */; };
		A1E496D81C0F5FD200543FCF /* AppDelegate.m in Sources */ = {isa = PBXBuildFile; fileRef = A1E496D71C0F5FD200543FCF /* AppDelegate.m */; };
		A1E496DB1C0F5FD200543FCF /* ViewController.m in Sources */ = {isa = PBXBuildFile; fileRef = A1E496DA1C0F5FD200543FCF /* ViewController.m */; };
		A1E496DE1C0F5FD200543FCF /* Main.storyboard in Resources */ = {isa = PBXBuildFile; fileRef = A1E496DC1C0F5FD200543FCF /* Main.storyboard */; };
		A1E496E01C0F5FD200543FCF /* Assets.xcassets in Resources */ = {isa = PBXBuildFile; fileRef = A1E496DF1C0F5FD200543FCF /* Assets.xcassets */; };
		A1E496E31C0F5FD200543FCF /* LaunchScreen.storyboard in Resources */ = {isa = PBXBuildFile; fileRef = A1E496E11C0F5FD200543FCF /* LaunchScreen.storyboard */; };
/* End PBXBuildFile section */

/* Begin PBXFileReference section */
		A1E496D01C0F5FD200543FCF /* VKIndicator.app */ = {isa = PBXFileReference; explicitFileType = wrapper.application; includeInIndex = 0; path = VKIndicator.app; sourceTree = BUILT_PRODUCTS_DIR; };
		A1E496D41C0F5FD200543FCF /* main.m */ = {isa = PBXFileReference; lastKnownFileType = sourcecode.c.objc; path = main.m; sourceTree = "<group>"; };
		A1E496D61C0F5FD200543FCF /* AppDelegate.h */ = {isa = PBXFileReference; lastKnownFileType = sourcecode.c.h; path = AppDelegate.h; sourceTree = "<group>"; };
		A1E496D71C0F5FD200543FCF /* AppDelegate.m */ = {isa = PBXFileReference; lastKnownFileType = sourcecode.c.objc; path = AppDelegate.m; sourceTree = "<group>"; };
		A1E496D91C0F5FD200543FCF /* ViewController.h */ = {isa = PBXFileReference; lastKnownFileType = sourcecode.c.h; path = ViewController.h; sourceTree = "<group>"; };
		A1E496DA1C0F5FD200543FCF /* ViewController.m */ = {isa = PBXFileReference; lastKnownFileType = sourcecode.c.objc; path = ViewController.m; sourceTree = "<group>"; };
		A1E496DD1C0F5FD200543FCF /* Base */ = {isa = PBXFileReference; lastKnownFileType = file.storyboard; name = Base; path = Base.lproj/Main.storyboard; sourceTree = "<group>"; };
		A1E496DF1C0F5FD200543FCF /* Assets.xcassets */ = {isa = PBXFileReference; lastKnownFileType = folder.assetcatalog; path = Assets.xcassets; sourceTree = "<group>"; };
		A1E496E21C0F5FD200543FCF /* Base */ = {isa = PBXFileReference; lastKnownFileType = file.storyboard; name = Base; path = Base.lproj/LaunchScreen.storyboard; sourceTree = "<group>"; };
		A1E496E41C0F5FD200543FCF /* Info.plist */ = {isa = PBXFileReference; lastKnownFileType = text.plist.xml; path = Info.plist; sourceTree = "<group>"; };
/* End PBXFileReference section */

/* Begin PBXFrameworksBuildPhase section */
		A1E496CD1C0F5FD200543FCF /* Frameworks */ = {
			isa = PBXFrameworksBuildPhase;
			buildActionMask = 2147483647;
			files = (
			);
			runOnlyForDeploymentPostprocessing = 0;
		};
/* End PBXFrameworksBuildPhase section */

/* Begin PBXGroup section */
		A1E496C71C0F5FD200543FCF = {
			isa = PBXGroup;
			children = (
				A1E496D21C0F5FD200543FCF /* VKIndicator */,
				A1E496D11C0F5FD200543FCF /* Products */,
			);
			sourceTree = "<group>";
		};
		A1E496D11C0F5FD200543FCF /* Products */ = {
			isa = PBXGroup;
			children = (
				A1E496D01C0F5FD200543FCF /* VKIndicator.app */,
			);
			name = Products;
			sourceTree = "<group>";
		};
		A1E496D21C0F5FD200543FCF /* VKIndicator */ = {
			isa = PBXGroup;
			children = (
				A1E496D61C0F5FD200543FCF /* AppDelegate.h */,
				A1E496D71C0F5FD200543FCF /* AppDelegate.m */,
				A1E496D91C0F5FD200543FCF /* ViewController.h */,
				A1E496DA1C0F5FD200543FCF /* ViewController.m */,
				A1E496DC1C0F5FD200543FCF /* Main.storyboard */,
				A1E496DF1C0F5FD200543FCF /* Assets.xcassets */,
				A1E496E11C0F5FD200543FCF /* LaunchScreen.storyboard */,
				A1E496E41C0F5FD200543FCF /* Info.plist */,
				A1E496D31C0F5FD200543FCF /* Supporting Files */,
			);
			path = VKIndicator;
			sourceTree = "<group>";
		};
		A1E496D31C0F5FD200543FCF /* Supporting Files */ = {
			isa = PBXGroup;
			children = (
				A1E496D41C0F5FD200543FCF /* main.m */,
			);
			name = "Supporting Files";
			sourceTree = "<group>";
		};
/* End PBXGroup section */

/* Begin PBXNativeTarget section */
		A1E496CF1C0F5FD200543FCF /* VKIndicator */ = {
			isa = PBXNativeTarget;
			buildConfigurationList = A1E496E71C0F5FD200543FCF /* Build configuration list for PBXNativeTarget "VKIndicator" */;
			buildPhases = (
				A1E496CC1C0F5FD200543FCF /* Sources */,
				A1E496CD1C0F5FD200543FCF /* Frameworks */,
				A1E496CE1C0F5FD200543FCF /* Resources */,
			);
			buildRules = (
			);
			dependencies = (
			);
			name = VKIndicator;
			productName = VKIndicator;
			productReference = A1E496D01C0F5FD200543FCF /* VKIndicator.app */;
			productType = "com.apple.product-type.application";
		};
/* End PBXNativeTarget section */

/* Begin PBXProject section */
		A1E496C81C0F5FD200543FCF /* Project object */ = {
			isa = PBXProject;
			attributes = {
				LastUpgradeCheck = 0710;
				ORGANIZATIONNAME = "Vinay Nation";
				TargetAttributes = {
					A1E496CF1C0F5FD200543FCF = {
						CreatedOnToolsVersion = 7.1;
						DevelopmentTeam = 8SBH4683ZM;
					};
				};
			};
			buildConfigurationList = A1E496CB1C0F5FD200543FCF /* Build configuration list for PBXProject "VKIndicator" */;
			compatibilityVersion = "Xcode 3.2";
			developmentRegion = English;
			hasScannedForEncodings = 0;
			knownRegions = (
				en,
				Base,
			);
			mainGroup = A1E496C71C0F5FD200543FCF;
			productRefGroup = A1E496D11C0F5FD200543FCF /* Products */;
			projectDirPath = "";
			projectRoot = "";
			targets = (
				A1E496CF1C0F5FD200543FCF /* VKIndicator */,
			);
		};
/* End PBXProject section */

/* Begin PBXResourcesBuildPhase section */
		A1E496CE1C0F5FD200543FCF /* Resources */ = {
			isa = PBXResourcesBuildPhase;
			buildActionMask = 2147483647;
			files = (
				A1E496E31C0F5FD200543FCF /* LaunchScreen.storyboard in Resources */,
				A1E496E01C0F5FD200543FCF /* Assets.xcassets in Resources */,
				A1E496DE1C0F5FD200543FCF /* Main.storyboard in Resources */,
			);
			runOnlyForDeploymentPostprocessing = 0;
		};
/* End PBXResourcesBuildPhase section */

/* Begin PBXSourcesBuildPhase section */
		A1E496CC1C0F5FD200543FCF /* Sources */ = {
			isa = PBXSourcesBuildPhase;
			buildActionMask = 2147483647;
			files = (
				A1E496DB1C0F5FD200543FCF /* ViewController.m in Sources */,
				A1E496D81C0F5FD200543FCF /* AppDelegate.m in Sources */,
				A1E496D51C0F5FD200543FCF /* main.m in Sources */,
			);
			runOnlyForDeploymentPostprocessing = 0;
		};
/* End PBXSourcesBuildPhase section */

/* Begin PBXVariantGroup section */
		A1E496DC1C0F5FD200543FCF /* Main.storyboard */ = {
			isa = PBXVariantGroup;
			children = (
				A1E496DD1C0F5FD200543FCF /* Base */,
			);
			name = Main.storyboard;
			sourceTree = "<group>";
		};
		A1E496E11C0F5FD200543FCF /* LaunchScreen.storyboard */ = {
			isa = PBXVariantGroup;
			children = (
				A1E496E21C0F5FD200543FCF /* Base */,
			);
			name = LaunchScreen.storyboard;
			sourceTree = "<group>";
		};
/* End PBXVariantGroup section */

/* Begin XCBuildConfiguration section */
		A1E496E51C0F5FD200543FCF /* Debug */ = {
			isa = XCBuildConfiguration;
			buildSettings = {
				ALWAYS_SEARCH_USER_PATHS = NO;
				CLANG_CXX_LANGUAGE_STANDARD = "gnu++0x";
				CLANG_CXX_LIBRARY = "libc++";
				CLANG_ENABLE_MODULES = YES;
				CLANG_ENABLE_OBJC_ARC = YES;
				CLANG_WARN_BOOL_CONVERSION = YES;
				CLANG_WARN_CONSTANT_CONVERSION = YES;
				CLANG_WARN_DIRECT_OBJC_ISA_USAGE = YES_ERROR;
				CLANG_WARN_EMPTY_BODY = YES;
				CLANG_WARN_ENUM_CONVERSION = YES;
				CLANG_WARN_INT_CONVERSION = YES;
				CLANG_WARN_OBJC_ROOT_CLASS = YES_ERROR;
				CLANG_WARN_UNREACHABLE_CODE = YES;
				CLANG_WARN__DUPLICATE_METHOD_MATCH = YES;
				"CODE_SIGN_IDENTITY[sdk=iphoneos*]" = "iPhone Developer";
				COPY_PHASE_STRIP = NO;
				DEBUG_INFORMATION_FORMAT = dwarf;
				ENABLE_STRICT_OBJC_MSGSEND = YES;
				ENABLE_TESTABILITY = YES;
				GCC_C_LANGUAGE_STANDARD = gnu99;
				GCC_DYNAMIC_NO_PIC = NO;
				GCC_NO_COMMON_BLOCKS = YES;
				GCC_OPTIMIZATION_LEVEL = 0;
				GCC_PREPROCESSOR_DEFINITIONS = (
					"DEBUG=1",
					"$(inherited)",
				);
				GCC_WARN_64_TO_32_BIT_CONVERSION = YES;
				GCC_WARN_ABOUT_RETURN_TYPE = YES_ERROR;
				GCC_WARN_UNDECLARED_SELECTOR = YES;
				GCC_WARN_UNINITIALIZED_AUTOS = YES_AGGRESSIVE;
				GCC_WARN_UNUSED_FUNCTION = YES;
				GCC_WARN_UNUSED_VARIABLE = YES;
				IPHONEOS_DEPLOYMENT_TARGET = 9.1;
				MTL_ENABLE_DEBUG_INFO = YES;
				ONLY_ACTIVE_ARCH = YES;
				SDKROOT = iphoneos;
			};
			name = Debug;
		};
		A1E496E61C0F5FD200543FCF /* Release */ = {
			isa = XCBuildConfiguration;
			buildSettings = {
				ALWAYS_SEARCH_USER_PATHS = NO;
				CLANG_CXX_LANGUAGE_STANDARD = "gnu++0x";
				CLANG_CXX_LIBRARY = "libc++";
				CLANG_ENABLE_MODULES = YES;
				CLANG_ENABLE_OBJC_ARC = YES;
				CLANG_WARN_BOOL_CONVERSION = YES;
				CLANG_WARN_CONSTANT_CONVERSION = YES;
				CLANG_WARN_DIRECT_OBJC_ISA_USAGE = YES_ERROR;
				CLANG_WARN_EMPTY_BODY = YES;
				CLANG_WARN_ENUM_CONVERSION = YES;
				CLANG_WARN_INT_CONVERSION = YES;
				CLANG_WARN_OBJC_ROOT_CLASS = YES_ERROR;
				CLANG_WARN_UNREACHABLE_CODE = YES;
				CLANG_WARN__DUPLICATE_METHOD_MATCH = YES;
				"CODE_SIGN_IDENTITY[sdk=iphoneos*]" = "iPhone Developer";
				COPY_PHASE_STRIP = NO;
				DEBUG_INFORMATION_FORMAT = "dwarf-with-dsym";
				ENABLE_NS_ASSERTIONS = NO;
				ENABLE_STRICT_OBJC_MSGSEND = YES;
				GCC_C_LANGUAGE_STANDARD = gnu99;
				GCC_NO_COMMON_BLOCKS = YES;
				GCC_WARN_64_TO_32_BIT_CONVERSION = YES;
				GCC_WARN_ABOUT_RETURN_TYPE = YES_ERROR;
				GCC_WARN_UNDECLARED_SELECTOR = YES;
				GCC_WARN_UNINITIALIZED_AUTOS = YES_AGGRESSIVE;
				GCC_WARN_UNUSED_FUNCTION = YES;
				GCC_WARN_UNUSED_VARIABLE = YES;
				IPHONEOS_DEPLOYMENT_TARGET = 9.1;
				MTL_ENABLE_DEBUG_INFO = NO;
				SDKROOT = iphoneos;
				VALIDATE_PRODUCT = YES;
			};
			name = Release;
		};
		A1E496E81C0F5FD200543FCF /* Debug */ = {
			isa = XCBuildConfiguration;
			buildSettings = {
				ASSETCATALOG_COMPILER_APPICON_NAME = AppIcon;
				INFOPLIST_FILE = VKIndicator/Info.plist;
				LD_RUNPATH_SEARCH_PATHS = "$(inherited) @executable_path/Frameworks";
				PRODUCT_BUNDLE_IDENTIFIER = com.vinay.VKIndicator;
				PRODUCT_NAME = "$(TARGET_NAME)";
			};
			name = Debug;
		};
		A1E496E91C0F5FD200543FCF /* Release */ = {
			isa = XCBuildConfiguration;
			buildSettings = {
				ASSETCATALOG_COMPILER_APPICON_NAME = AppIcon;
				INFOPLIST_FILE = VKIndicator/Info.plist;
				LD_RUNPATH_SEARCH_PATHS = "$(inherited) @executable_path/Frameworks";
				PRODUCT_BUNDLE_IDENTIFIER = com.vinay.VKIndicator;
				PRODUCT_NAME = "$(TARGET_NAME)";
			};
			name = Release;
		};
/* End XCBuildConfiguration section */

/* Begin XCConfigurationList section */
		A1E496CB1C0F5FD200543FCF /* Build configuration list for PBXProject "VKIndicator" */ = {
			isa = XCConfigurationList;
			buildConfigurations = (
				A1E496E51C0F5FD200543FCF /* Debug */,
				A1E496E61C0F5FD200543FCF /* Release */,
			);
			defaultConfigurationIsVisible = 0;
			defaultConfigurationName = Release;
		};
		A1E496E71C0F5FD200543FCF /* Build configuration list for PBXNativeTarget "VKIndicator" */ = {
			isa = XCConfigurationList;
			buildConfigurations = (
				A1E496E81C0F5FD200543FCF /* Debug */,
				A1E496E91C0F5FD200543FCF /* Release */,
			);
			defaultConfigurationIsVisible = 0;
		};
/* End XCConfigurationList section */
	};
	rootObject = A1E496C81C0F5FD200543FCF /* Project object */;
}
